
Microsoft Visual Studio Solution File, Format Version 12.00
# Visual Studio Version 16
VisualStudioVersion = 16.0.29613.14
MinimumVisualStudioVersion = 10.0.40219.1
Project("{2150E333-8FDC-42A3-9474-1A3956D46DE8}") = "Modules", "Modules", "{D4E12CEF-A2B8-43A2-84E5-3D3375B3B6AF}"
EndProject
Project("{2150E333-8FDC-42A3-9474-1A3956D46DE8}") = "Core", "Core", "{6CB7E1D4-1CFC-4613-8373-C95395778BB2}"
EndProject
Project("{2150E333-8FDC-42A3-9474-1A3956D46DE8}") = "Tests", "Tests", "{FF04B807-EC30-46EF-87A6-E8AE23FEFDD1}"
EndProject
Project("{2150E333-8FDC-42A3-9474-1A3956D46DE8}") = "Data", "Data", "{355002AA-36AB-48C4-B9E4-E92A107C98E6}"
EndProject
Project("{2150E333-8FDC-42A3-9474-1A3956D46DE8}") = "Core", "Core", "{1F4D823D-93BE-4BC8-8105-241C5FACD717}"
EndProject
Project("{FAE04EC0-301F-11D3-BF4B-00C04F79EFBC}") = "Cms.Core", "Core\Cms.Core\Cms.Core.csproj", "{9ECEC9DF-EAD1-411C-B723-F35745AA55FB}"
EndProject
Project("{FAE04EC0-301F-11D3-BF4B-00C04F79EFBC}") = "Csm.Data.LocalData", "Data\Csm.Data.LocalData\Csm.Data.LocalData.csproj", "{4D53B8CF-F870-4DEE-902A-ACE9E59F3007}"
EndProject
Project("{2150E333-8FDC-42A3-9474-1A3956D46DE8}") = "Services", "Services", "{7F5E5412-5729-4E73-94AE-D8D4A2B9F76E}"
EndProject
Project("{FAE04EC0-301F-11D3-BF4B-00C04F79EFBC}") = "Cms.Core.Wpf", "Core\Cms.Core.Wpf\Cms.Core.Wpf.csproj", "{D8CB0AD2-835D-4840-9FDA-9E6596555A87}"
EndProject
Project("{FAE04EC0-301F-11D3-BF4B-00C04F79EFBC}") = "Cms.Core.Wpf.Tests", "Tests\Core\Cms.Core.Wpf.Tests\Cms.Core.Wpf.Tests.csproj", "{93E0ECE0-41AA-4F0F-8596-219CDA6F87E3}"
EndProject
Project("{FAE04EC0-301F-11D3-BF4B-00C04F79EFBC}") = "Cms.DialogService", "Services\Cms.DialogService\Cms.DialogService.csproj", "{C9476BEA-0E5E-4F30-963D-DF5C65C52178}"
EndProject
Project("{FAE04EC0-301F-11D3-BF4B-00C04F79EFBC}") = "Cms.Desktop", "Cms.Desktop\Cms.Desktop.csproj", "{053944D5-1B6D-4A4A-B0F5-EBD6213AA782}"
EndProject
Project("{2150E333-8FDC-42A3-9474-1A3956D46DE8}") = "Modules", "Modules", "{6CCA2CB6-C9B1-43AA-972E-427ACBC9AAE1}"
EndProject
Project("{FAE04EC0-301F-11D3-BF4B-00C04F79EFBC}") = "Cms.Tests.Core", "Tests\Cms.Tests.Core\Cms.Tests.Core.csproj", "{AA130D1B-D398-465C-99FF-3A5EC75396DB}"
EndProject
Project("{FAE04EC0-301F-11D3-BF4B-00C04F79EFBC}") = "Cms.Modules.Navigation.Tests", "Tests\Modules\Cms.Modules.Navigation.Tests\Cms.Modules.Navigation.Tests.csproj", "{5C3B312C-BB0B-44BA-8E8C-85ABC78AF452}"
EndProject
Project("{FAE04EC0-301F-11D3-BF4B-00C04F79EFBC}") = "Cms.Modules.Navigation", "Modules\Cms.Modules.Navigation\Cms.Modules.Navigation.csproj", "{995DC572-C4E3-4F78-9631-B4B9BE3BD282}"
EndProject
Project("{FAE04EC0-301F-11D3-BF4B-00C04F79EFBC}") = "Cms.Core.Tests", "Tests\Core\Cms.Core.Tests\Cms.Core.Tests.csproj", "{F0CC874A-F021-4DDE-B7A8-73DB8AD24C23}"
EndProject
Project("{FAE04EC0-301F-11D3-BF4B-00C04F79EFBC}") = "Cms.DisplaySettingsService", "Services\Cms.DisplaySettingsService\Cms.DisplaySettingsService.csproj", "{4F2720A0-36C3-4DAC-9052-E0F2862DC5AD}"
EndProject
Project("{FAE04EC0-301F-11D3-BF4B-00C04F79EFBC}") = "Cms.NavigationService", "Services\Cms.NavigationService\Cms.NavigationService.csproj", "{190594E0-158D-42A7-8852-DC3D989A4D9D}"
EndProject
Project("{FAE04EC0-301F-11D3-BF4B-00C04F79EFBC}") = "Cms.Modules.Settings", "Modules\Cms.Modules.Settings\Cms.Modules.Settings.csproj", "{683C700F-772D-46C6-9512-CCEBBC2F5E9F}"
EndProject
Global
	GlobalSection(SolutionConfigurationPlatforms) = preSolution
		Debug|Any CPU = Debug|Any CPU
		Release|Any CPU = Release|Any CPU
	EndGlobalSection
	GlobalSection(ProjectConfigurationPlatforms) = postSolution
		{9ECEC9DF-EAD1-411C-B723-F35745AA55FB}.Debug|Any CPU.ActiveCfg = Debug|Any CPU
		{9ECEC9DF-EAD1-411C-B723-F35745AA55FB}.Debug|Any CPU.Build.0 = Debug|Any CPU
		{9ECEC9DF-EAD1-411C-B723-F35745AA55FB}.Release|Any CPU.ActiveCfg = Release|Any CPU
		{9ECEC9DF-EAD1-411C-B723-F35745AA55FB}.Release|Any CPU.Build.0 = Release|Any CPU
		{4D53B8CF-F870-4DEE-902A-ACE9E59F3007}.Debug|Any CPU.ActiveCfg = Debug|Any CPU
		{4D53B8CF-F870-4DEE-902A-ACE9E59F3007}.Debug|Any CPU.Build.0 = Debug|Any CPU
		{4D53B8CF-F870-4DEE-902A-ACE9E59F3007}.Release|Any CPU.ActiveCfg = Release|Any CPU
		{4D53B8CF-F870-4DEE-902A-ACE9E59F3007}.Release|Any CPU.Build.0 = Release|Any CPU
		{D8CB0AD2-835D-4840-9FDA-9E6596555A87}.Debug|Any CPU.ActiveCfg = Debug|Any CPU
		{D8CB0AD2-835D-4840-9FDA-9E6596555A87}.Debug|Any CPU.Build.0 = Debug|Any CPU
		{D8CB0AD2-835D-4840-9FDA-9E6596555A87}.Release|Any CPU.ActiveCfg = Release|Any CPU
		{D8CB0AD2-835D-4840-9FDA-9E6596555A87}.Release|Any CPU.Build.0 = Release|Any CPU
		{93E0ECE0-41AA-4F0F-8596-219CDA6F87E3}.Debug|Any CPU.ActiveCfg = Debug|Any CPU
		{93E0ECE0-41AA-4F0F-8596-219CDA6F87E3}.Debug|Any CPU.Build.0 = Debug|Any CPU
		{93E0ECE0-41AA-4F0F-8596-219CDA6F87E3}.Release|Any CPU.ActiveCfg = Release|Any CPU
		{93E0ECE0-41AA-4F0F-8596-219CDA6F87E3}.Release|Any CPU.Build.0 = Release|Any CPU
		{C9476BEA-0E5E-4F30-963D-DF5C65C52178}.Debug|Any CPU.ActiveCfg = Debug|Any CPU
		{C9476BEA-0E5E-4F30-963D-DF5C65C52178}.Debug|Any CPU.Build.0 = Debug|Any CPU
		{C9476BEA-0E5E-4F30-963D-DF5C65C52178}.Release|Any CPU.ActiveCfg = Release|Any CPU
		{C9476BEA-0E5E-4F30-963D-DF5C65C52178}.Release|Any CPU.Build.0 = Release|Any CPU
		{053944D5-1B6D-4A4A-B0F5-EBD6213AA782}.Debug|Any CPU.ActiveCfg = Debug|Any CPU
		{053944D5-1B6D-4A4A-B0F5-EBD6213AA782}.Debug|Any CPU.Build.0 = Debug|Any CPU
		{053944D5-1B6D-4A4A-B0F5-EBD6213AA782}.Release|Any CPU.ActiveCfg = Release|Any CPU
		{053944D5-1B6D-4A4A-B0F5-EBD6213AA782}.Release|Any CPU.Build.0 = Release|Any CPU
		{AA130D1B-D398-465C-99FF-3A5EC75396DB}.Debug|Any CPU.ActiveCfg = Debug|Any CPU
		{AA130D1B-D398-465C-99FF-3A5EC75396DB}.Debug|Any CPU.Build.0 = Debug|Any CPU
		{AA130D1B-D398-465C-99FF-3A5EC75396DB}.Release|Any CPU.ActiveCfg = Release|Any CPU
		{AA130D1B-D398-465C-99FF-3A5EC75396DB}.Release|Any CPU.Build.0 = Release|Any CPU
		{5C3B312C-BB0B-44BA-8E8C-85ABC78AF452}.Debug|Any CPU.ActiveCfg = Debug|Any CPU
		{5C3B312C-BB0B-44BA-8E8C-85ABC78AF452}.Debug|Any CPU.Build.0 = Debug|Any CPU
		{5C3B312C-BB0B-44BA-8E8C-85ABC78AF452}.Release|Any CPU.ActiveCfg = Release|Any CPU
		{5C3B312C-BB0B-44BA-8E8C-85ABC78AF452}.Release|Any CPU.Build.0 = Release|Any CPU
		{995DC572-C4E3-4F78-9631-B4B9BE3BD282}.Debug|Any CPU.ActiveCfg = Debug|Any CPU
		{995DC572-C4E3-4F78-9631-B4B9BE3BD282}.Debug|Any CPU.Build.0 = Debug|Any CPU
		{995DC572-C4E3-4F78-9631-B4B9BE3BD282}.Release|Any CPU.ActiveCfg = Release|Any CPU
		{995DC572-C4E3-4F78-9631-B4B9BE3BD282}.Release|Any CPU.Build.0 = Release|Any CPU
		{F0CC874A-F021-4DDE-B7A8-73DB8AD24C23}.Debug|Any CPU.ActiveCfg = Debug|Any CPU
		{F0CC874A-F021-4DDE-B7A8-73DB8AD24C23}.Debug|Any CPU.Build.0 = Debug|Any CPU
		{F0CC874A-F021-4DDE-B7A8-73DB8AD24C23}.Release|Any CPU.ActiveCfg = Release|Any CPU
		{F0CC874A-F021-4DDE-B7A8-73DB8AD24C23}.Release|Any CPU.Build.0 = Release|Any CPU
		{4F2720A0-36C3-4DAC-9052-E0F2862DC5AD}.Debug|Any CPU.ActiveCfg = Debug|Any CPU
		{4F2720A0-36C3-4DAC-9052-E0F2862DC5AD}.Debug|Any CPU.Build.0 = Debug|Any CPU
		{4F2720A0-36C3-4DAC-9052-E0F2862DC5AD}.Release|Any CPU.ActiveCfg = Release|Any CPU
		{4F2720A0-36C3-4DAC-9052-E0F2862DC5AD}.Release|Any CPU.Build.0 = Release|Any CPU
		{190594E0-158D-42A7-8852-DC3D989A4D9D}.Debug|Any CPU.ActiveCfg = Debug|Any CPU
		{190594E0-158D-42A7-8852-DC3D989A4D9D}.Debug|Any CPU.Build.0 = Debug|Any CPU
		{190594E0-158D-42A7-8852-DC3D989A4D9D}.Release|Any CPU.ActiveCfg = Release|Any CPU
		{190594E0-158D-42A7-8852-DC3D989A4D9D}.Release|Any CPU.Build.0 = Release|Any CPU
		{683C700F-772D-46C6-9512-CCEBBC2F5E9F}.Debug|Any CPU.ActiveCfg = Debug|Any CPU
		{683C700F-772D-46C6-9512-CCEBBC2F5E9F}.Debug|Any CPU.Build.0 = Debug|Any CPU
		{683C700F-772D-46C6-9512-CCEBBC2F5E9F}.Release|Any CPU.ActiveCfg = Release|Any CPU
		{683C700F-772D-46C6-9512-CCEBBC2F5E9F}.Release|Any CPU.Build.0 = Release|Any CPU
	EndGlobalSection
	GlobalSection(SolutionProperties) = preSolution
		HideSolutionNode = FALSE
	EndGlobalSection
	GlobalSection(NestedProjects) = preSolution
		{1F4D823D-93BE-4BC8-8105-241C5FACD717} = {FF04B807-EC30-46EF-87A6-E8AE23FEFDD1}
		{9ECEC9DF-EAD1-411C-B723-F35745AA55FB} = {6CB7E1D4-1CFC-4613-8373-C95395778BB2}
		{4D53B8CF-F870-4DEE-902A-ACE9E59F3007} = {355002AA-36AB-48C4-B9E4-E92A107C98E6}
		{D8CB0AD2-835D-4840-9FDA-9E6596555A87} = {6CB7E1D4-1CFC-4613-8373-C95395778BB2}
		{93E0ECE0-41AA-4F0F-8596-219CDA6F87E3} = {1F4D823D-93BE-4BC8-8105-241C5FACD717}
		{C9476BEA-0E5E-4F30-963D-DF5C65C52178} = {7F5E5412-5729-4E73-94AE-D8D4A2B9F76E}
		{6CCA2CB6-C9B1-43AA-972E-427ACBC9AAE1} = {FF04B807-EC30-46EF-87A6-E8AE23FEFDD1}
		{AA130D1B-D398-465C-99FF-3A5EC75396DB} = {FF04B807-EC30-46EF-87A6-E8AE23FEFDD1}
		{5C3B312C-BB0B-44BA-8E8C-85ABC78AF452} = {6CCA2CB6-C9B1-43AA-972E-427ACBC9AAE1}
		{995DC572-C4E3-4F78-9631-B4B9BE3BD282} = {D4E12CEF-A2B8-43A2-84E5-3D3375B3B6AF}
		{F0CC874A-F021-4DDE-B7A8-73DB8AD24C23} = {1F4D823D-93BE-4BC8-8105-241C5FACD717}
		{4F2720A0-36C3-4DAC-9052-E0F2862DC5AD} = {7F5E5412-5729-4E73-94AE-D8D4A2B9F76E}
		{190594E0-158D-42A7-8852-DC3D989A4D9D} = {7F5E5412-5729-4E73-94AE-D8D4A2B9F76E}
		{683C700F-772D-46C6-9512-CCEBBC2F5E9F} = {D4E12CEF-A2B8-43A2-84E5-3D3375B3B6AF}
	EndGlobalSection
	GlobalSection(ExtensibilityGlobals) = postSolution
		SolutionGuid = {2461E9F3-A7BE-4348-8154-973061351ACA}
	EndGlobalSection
EndGlobal
